{
  "version": 4,
  "terraform_version": "1.13.4",
  "serial": 1,
  "lineage": "5ed2f8a1-82dc-8035-d33c-aadaa1106856",
  "outputs": {},
  "resources": [
    {
      "mode": "managed",
      "type": "aws_vpc",
      "name": "name",
      "provider": "provider[\"registry.terraform.io/hashicorp/aws\"]",
      "instances": [
        {
          "schema_version": 1,
          "attributes": {
            "arn": "arn:aws:ec2:us-east-1:609256557410:vpc/vpc-088155b1f62796acc",
            "assign_generated_ipv6_cidr_block": false,
            "cidr_block": "10.0.0.0/16",
            "default_network_acl_id": "acl-0e25c2dca263556cb",
            "default_route_table_id": "rtb-0e8f1b83f4e7780e2",
            "default_security_group_id": "sg-0dbdca6581aeccccf",
            "dhcp_options_id": "dopt-01a9c10bc3ce703ee",
            "enable_dns_hostnames": false,
            "enable_dns_support": true,
            "enable_network_address_usage_metrics": false,
            "id": "vpc-088155b1f62796acc",
            "instance_tenancy": "default",
            "ipv4_ipam_pool_id": null,
            "ipv4_netmask_length": null,
            "ipv6_association_id": "",
            "ipv6_cidr_block": "",
            "ipv6_cidr_block_network_border_group": "",
            "ipv6_ipam_pool_id": "",
            "ipv6_netmask_length": 0,
            "main_route_table_id": "rtb-0e8f1b83f4e7780e2",
            "owner_id": "609256557410",
            "region": "us-east-1",
            "tags": {
              "Name": "dev"
            },
            "tags_all": {
              "Name": "dev"
            }
          },
          "sensitive_attributes": [],
          "identity_schema_version": 0,
          "identity": {
            "account_id": "609256557410",
            "id": "vpc-088155b1f62796acc",
            "region": "us-east-1"
          },
          "private": "eyJzY2hlbWFfdmVyc2lvbiI6IjEifQ=="
        }
      ]
    }
  ],
  "check_results": null
}
